
Microsoft Visual Studio Solution File, Format Version 12.00
# Visual Studio Version 17
VisualStudioVersion = 17.6.33829.357
MinimumVisualStudioVersion = 10.0.40219.1
Project("{FAE04EC0-301F-11D3-BF4B-00C04F79EFBC}") = "teste", "teste.csproj", "{4E4B8A5E-037C-4AA5-BBC8-7F0FCC5FB688}"
EndProject
Global
	GlobalSection(SolutionConfigurationPlatforms) = preSolution
		Debug|Any CPU = Debug|Any CPU
		Release|Any CPU = Release|Any CPU
	EndGlobalSection
	GlobalSection(ProjectConfigurationPlatforms) = postSolution
		{4E4B8A5E-037C-4AA5-BBC8-7F0FCC5FB688}.Debug|Any CPU.ActiveCfg = Debug|Any CPU
		{4E4B8A5E-037C-4AA5-BBC8-7F0FCC5FB688}.Debug|Any CPU.Build.0 = Debug|Any CPU
		{4E4B8A5E-037C-4AA5-BBC8-7F0FCC5FB688}.Release|Any CPU.ActiveCfg = Release|Any CPU
		{4E4B8A5E-037C-4AA5-BBC8-7F0FCC5FB688}.Release|Any CPU.Build.0 = Release|Any CPU
	EndGlobalSection
	GlobalSection(SolutionProperties) = preSolution
		HideSolutionNode = FALSE
	EndGlobalSection
	GlobalSection(ExtensibilityGlobals) = postSolution
		SolutionGuid = {E3BCA2C8-F9FD-4EE1-AC3A-347C895D27ED}
	EndGlobalSection
EndGlobal
